
Microsoft Visual Studio Solution File, Format Version 12.00
# Visual Studio Version 17
VisualStudioVersion = 17.11.35312.102
MinimumVisualStudioVersion = 10.0.40219.1
Project("{FAE04EC0-301F-11D3-BF4B-00C04F79EFBC}") = "AsistenciaSport.Server", "AsistenciaSport.Server\AsistenciaSport.Server.csproj", "{BB9FA355-F13F-45FE-A661-B7141A16AB8A}"
EndProject
Project("{FAE04EC0-301F-11D3-BF4B-00C04F79EFBC}") = "AsistenciaSport.BD", "AsistenciaSport.BD\AsistenciaSport.BD.csproj", "{5C1B1E3F-580F-4ED1-815C-F7F69BD41D06}"
EndProject
Global
	GlobalSection(SolutionConfigurationPlatforms) = preSolution
		Debug|Any CPU = Debug|Any CPU
		Release|Any CPU = Release|Any CPU
	EndGlobalSection
	GlobalSection(ProjectConfigurationPlatforms) = postSolution
		{BB9FA355-F13F-45FE-A661-B7141A16AB8A}.Debug|Any CPU.ActiveCfg = Debug|Any CPU
		{BB9FA355-F13F-45FE-A661-B7141A16AB8A}.Debug|Any CPU.Build.0 = Debug|Any CPU
		{BB9FA355-F13F-45FE-A661-B7141A16AB8A}.Release|Any CPU.ActiveCfg = Release|Any CPU
		{BB9FA355-F13F-45FE-A661-B7141A16AB8A}.Release|Any CPU.Build.0 = Release|Any CPU
		{5C1B1E3F-580F-4ED1-815C-F7F69BD41D06}.Debug|Any CPU.ActiveCfg = Debug|Any CPU
		{5C1B1E3F-580F-4ED1-815C-F7F69BD41D06}.Debug|Any CPU.Build.0 = Debug|Any CPU
		{5C1B1E3F-580F-4ED1-815C-F7F69BD41D06}.Release|Any CPU.ActiveCfg = Release|Any CPU
		{5C1B1E3F-580F-4ED1-815C-F7F69BD41D06}.Release|Any CPU.Build.0 = Release|Any CPU
	EndGlobalSection
	GlobalSection(SolutionProperties) = preSolution
		HideSolutionNode = FALSE
	EndGlobalSection
	GlobalSection(ExtensibilityGlobals) = postSolution
		SolutionGuid = {556F313B-9BA7-4E1F-8124-9A3541082E70}
	EndGlobalSection
EndGlobal
